version = 1
revision = 2
requires-python = ">=3.12"

[[package]]
name = "colorama"
version = "0.4.6"
source = { registry = "https://pypi.org/simple" }
sdist = { url = "https://files.pythonhosted.org/packages/d8/53/6f443c9a4a8358a93a6792e2acffb9d9d5cb0a5cfd8802644b7b1c9a02e4/colorama-0.4.6.tar.gz", hash = "sha256:08695f5cb7ed6e0531a20572697297273c47b8cae5a63ffc6d6ed5c201be6e44", size = 27697, upload-time = "2022-10-25T02:36:22.414Z" }
wheels = [
    { url = "https://files.pythonhosted.org/packages/d1/d6/3965ed04c63042e047cb6a3e6ed1a63a35087b6a609aa3a15ed8ac56c221/colorama-0.4.6-py2.py3-none-any.whl", hash = "sha256:4f1d9991f5acc0ca119f9d443620b77f9d6b33703e51011c16baf57afb285fc6", size = 25335, upload-time = "2022-10-25T02:36:20.889Z" },
]

[[package]]
name = "iniconfig"
version = "2.1.0"
source = { registry = "https://pypi.org/simple" }
sdist = { url = "https://files.pythonhosted.org/packages/f2/97/ebf4da567aa6827c909642694d71c9fcf53e5b504f2d96afea02718862f3/iniconfig-2.1.0.tar.gz", hash = "sha256:3abbd2e30b36733fee78f9c7f7308f2d0050e88f0087fd25c2645f63c773e1c7", size = 4793, upload-time = "2025-03-19T20:09:59.721Z" }
wheels = [
    { url = "https://files.pythonhosted.org/packages/2c/e1/e6716421ea10d38022b952c159d5161ca1193197fb744506875fbb87ea7b/iniconfig-2.1.0-py3-none-any.whl", hash = "sha256:9deba5723312380e77435581c6bf4935c94cbfab9b1ed33ef8d238ea168eb760", size = 6050, upload-time = "2025-03-19T20:10:01.071Z" },
]

[[package]]
name = "numpy"
version = "2.3.0"
source = { registry = "https://pypi.org/simple" }
sdist = { url = "https://files.pythonhosted.org/packages/f3/db/8e12381333aea300890829a0a36bfa738cac95475d88982d538725143fd9/numpy-2.3.0.tar.gz", hash = "sha256:581f87f9e9e9db2cba2141400e160e9dd644ee248788d6f90636eeb8fd9260a6", size = 20382813, upload-time = "2025-06-07T14:54:32.608Z" }
wheels = [
    { url = "https://files.pythonhosted.org/packages/89/59/9df493df81ac6f76e9f05cdbe013cdb0c9a37b434f6e594f5bd25e278908/numpy-2.3.0-cp312-cp312-macosx_10_13_x86_64.whl", hash = "sha256:389b85335838155a9076e9ad7f8fdba0827496ec2d2dc32ce69ce7898bde03ba", size = 20897025, upload-time = "2025-06-07T14:40:33.558Z" },
    { url = "https://files.pythonhosted.org/packages/2f/86/4ff04335901d6cf3a6bb9c748b0097546ae5af35e455ae9b962ebff4ecd7/numpy-2.3.0-cp312-cp312-macosx_11_0_arm64.whl", hash = "sha256:9498f60cd6bb8238d8eaf468a3d5bb031d34cd12556af53510f05fcf581c1b7e", size = 14129882, upload-time = "2025-06-07T14:40:55.034Z" },
    { url = "https://files.pythonhosted.org/packages/71/8d/a942cd4f959de7f08a79ab0c7e6cecb7431d5403dce78959a726f0f57aa1/numpy-2.3.0-cp312-cp312-macosx_14_0_arm64.whl", hash = "sha256:622a65d40d8eb427d8e722fd410ac3ad4958002f109230bc714fa551044ebae2", size = 5110181, upload-time = "2025-06-07T14:41:04.4Z" },
    { url = "https://files.pythonhosted.org/packages/86/5d/45850982efc7b2c839c5626fb67fbbc520d5b0d7c1ba1ae3651f2f74c296/numpy-2.3.0-cp312-cp312-macosx_14_0_x86_64.whl", hash = "sha256:b9446d9d8505aadadb686d51d838f2b6688c9e85636a0c3abaeb55ed54756459", size = 6647581, upload-time = "2025-06-07T14:41:14.695Z" },
    { url = "https://files.pythonhosted.org/packages/1a/c0/c871d4a83f93b00373d3eebe4b01525eee8ef10b623a335ec262b58f4dc1/numpy-2.3.0-cp312-cp312-manylinux_2_28_aarch64.whl", hash = "sha256:50080245365d75137a2bf46151e975de63146ae6d79f7e6bd5c0e85c9931d06a", size = 14262317, upload-time = "2025-06-07T14:41:35.862Z" },
    { url = "https://files.pythonhosted.org/packages/b7/f6/bc47f5fa666d5ff4145254f9e618d56e6a4ef9b874654ca74c19113bb538/numpy-2.3.0-cp312-cp312-manylinux_2_28_x86_64.whl", hash = "sha256:c24bb4113c66936eeaa0dc1e47c74770453d34f46ee07ae4efd853a2ed1ad10a", size = 16633919, upload-time = "2025-06-07T14:42:00.622Z" },
    { url = "https://files.pythonhosted.org/packages/f5/b4/65f48009ca0c9b76df5f404fccdea5a985a1bb2e34e97f21a17d9ad1a4ba/numpy-2.3.0-cp312-cp312-musllinux_1_2_aarch64.whl", hash = "sha256:4d8d294287fdf685281e671886c6dcdf0291a7c19db3e5cb4178d07ccf6ecc67", size = 15567651, upload-time = "2025-06-07T14:42:24.429Z" },
    { url = "https://files.pythonhosted.org/packages/f1/62/5367855a2018578e9334ed08252ef67cc302e53edc869666f71641cad40b/numpy-2.3.0-cp312-cp312-musllinux_1_2_x86_64.whl", hash = "sha256:6295f81f093b7f5769d1728a6bd8bf7466de2adfa771ede944ce6711382b89dc", size = 18361723, upload-time = "2025-06-07T14:42:51.167Z" },
    { url = "https://files.pythonhosted.org/packages/d4/75/5baed8cd867eabee8aad1e74d7197d73971d6a3d40c821f1848b8fab8b84/numpy-2.3.0-cp312-cp312-win32.whl", hash = "sha256:e6648078bdd974ef5d15cecc31b0c410e2e24178a6e10bf511e0557eed0f2570", size = 6318285, upload-time = "2025-06-07T14:43:02.052Z" },
    { url = "https://files.pythonhosted.org/packages/bc/49/d5781eaa1a15acb3b3a3f49dc9e2ff18d92d0ce5c2976f4ab5c0a7360250/numpy-2.3.0-cp312-cp312-win_amd64.whl", hash = "sha256:0898c67a58cdaaf29994bc0e2c65230fd4de0ac40afaf1584ed0b02cd74c6fdd", size = 12732594, upload-time = "2025-06-07T14:43:21.071Z" },
    { url = "https://files.pythonhosted.org/packages/c2/1c/6d343e030815c7c97a1f9fbad00211b47717c7fe446834c224bd5311e6f1/numpy-2.3.0-cp312-cp312-win_arm64.whl", hash = "sha256:bd8df082b6c4695753ad6193018c05aac465d634834dca47a3ae06d4bb22d9ea", size = 9891498, upload-time = "2025-06-07T14:43:36.332Z" },
    { url = "https://files.pythonhosted.org/packages/73/fc/1d67f751fd4dbafc5780244fe699bc4084268bad44b7c5deb0492473127b/numpy-2.3.0-cp313-cp313-macosx_10_13_x86_64.whl", hash = "sha256:5754ab5595bfa2c2387d241296e0381c21f44a4b90a776c3c1d39eede13a746a", size = 20889633, upload-time = "2025-06-07T14:44:06.839Z" },
    { url = "https://files.pythonhosted.org/packages/e8/95/73ffdb69e5c3f19ec4530f8924c4386e7ba097efc94b9c0aff607178ad94/numpy-2.3.0-cp313-cp313-macosx_11_0_arm64.whl", hash = "sha256:d11fa02f77752d8099573d64e5fe33de3229b6632036ec08f7080f46b6649959", size = 14151683, upload-time = "2025-06-07T14:44:28.847Z" },
    { url = "https://files.pythonhosted.org/packages/64/d5/06d4bb31bb65a1d9c419eb5676173a2f90fd8da3c59f816cc54c640ce265/numpy-2.3.0-cp313-cp313-macosx_14_0_arm64.whl", hash = "sha256:aba48d17e87688a765ab1cd557882052f238e2f36545dfa8e29e6a91aef77afe", size = 5102683, upload-time = "2025-06-07T14:44:38.417Z" },
    { url = "https://files.pythonhosted.org/packages/12/8b/6c2cef44f8ccdc231f6b56013dff1d71138c48124334aded36b1a1b30c5a/numpy-2.3.0-cp313-cp313-macosx_14_0_x86_64.whl", hash = "sha256:4dc58865623023b63b10d52f18abaac3729346a7a46a778381e0e3af4b7f3beb", size = 6640253, upload-time = "2025-06-07T14:44:49.359Z" },
    { url = "https://files.pythonhosted.org/packages/62/aa/fca4bf8de3396ddb59544df9b75ffe5b73096174de97a9492d426f5cd4aa/numpy-2.3.0-cp313-cp313-manylinux_2_28_aarch64.whl", hash = "sha256:df470d376f54e052c76517393fa443758fefcdd634645bc9c1f84eafc67087f0", size = 14258658, upload-time = "2025-06-07T14:45:10.156Z" },
    { url = "https://files.pythonhosted.org/packages/1c/12/734dce1087eed1875f2297f687e671cfe53a091b6f2f55f0c7241aad041b/numpy-2.3.0-cp313-cp313-manylinux_2_28_x86_64.whl", hash = "sha256:87717eb24d4a8a64683b7a4e91ace04e2f5c7c77872f823f02a94feee186168f", size = 16628765, upload-time = "2025-06-07T14:45:35.076Z" },
    { url = "https://files.pythonhosted.org/packages/48/03/ffa41ade0e825cbcd5606a5669962419528212a16082763fc051a7247d76/numpy-2.3.0-cp313-cp313-musllinux_1_2_aarch64.whl", hash = "sha256:d8fa264d56882b59dcb5ea4d6ab6f31d0c58a57b41aec605848b6eb2ef4a43e8", size = 15564335, upload-time = "2025-06-07T14:45:58.797Z" },
    { url = "https://files.pythonhosted.org/packages/07/58/869398a11863310aee0ff85a3e13b4c12f20d032b90c4b3ee93c3b728393/numpy-2.3.0-cp313-cp313-musllinux_1_2_x86_64.whl", hash = "sha256:e651756066a0eaf900916497e20e02fe1ae544187cb0fe88de981671ee7f6270", size = 18360608, upload-time = "2025-06-07T14:46:25.687Z" },
    { url = "https://files.pythonhosted.org/packages/2f/8a/5756935752ad278c17e8a061eb2127c9a3edf4ba2c31779548b336f23c8d/numpy-2.3.0-cp313-cp313-win32.whl", hash = "sha256:e43c3cce3b6ae5f94696669ff2a6eafd9a6b9332008bafa4117af70f4b88be6f", size = 6310005, upload-time = "2025-06-07T14:50:13.138Z" },
    { url = "https://files.pythonhosted.org/packages/08/60/61d60cf0dfc0bf15381eaef46366ebc0c1a787856d1db0c80b006092af84/numpy-2.3.0-cp313-cp313-win_amd64.whl", hash = "sha256:81ae0bf2564cf475f94be4a27ef7bcf8af0c3e28da46770fc904da9abd5279b5", size = 12729093, upload-time = "2025-06-07T14:50:31.82Z" },
    { url = "https://files.pythonhosted.org/packages/66/31/2f2f2d2b3e3c32d5753d01437240feaa32220b73258c9eef2e42a0832866/numpy-2.3.0-cp313-cp313-win_arm64.whl", hash = "sha256:c8738baa52505fa6e82778580b23f945e3578412554d937093eac9205e845e6e", size = 9885689, upload-time = "2025-06-07T14:50:47.888Z" },
    { url = "https://files.pythonhosted.org/packages/f1/89/c7828f23cc50f607ceb912774bb4cff225ccae7131c431398ad8400e2c98/numpy-2.3.0-cp313-cp313t-macosx_10_13_x86_64.whl", hash = "sha256:39b27d8b38942a647f048b675f134dd5a567f95bfff481f9109ec308515c51d8", size = 20986612, upload-time = "2025-06-07T14:46:56.077Z" },
    { url = "https://files.pythonhosted.org/packages/dd/46/79ecf47da34c4c50eedec7511e53d57ffdfd31c742c00be7dc1d5ffdb917/numpy-2.3.0-cp313-cp313t-macosx_11_0_arm64.whl", hash = "sha256:0eba4a1ea88f9a6f30f56fdafdeb8da3774349eacddab9581a21234b8535d3d3", size = 14298953, upload-time = "2025-06-07T14:47:18.053Z" },
    { url = "https://files.pythonhosted.org/packages/59/44/f6caf50713d6ff4480640bccb2a534ce1d8e6e0960c8f864947439f0ee95/numpy-2.3.0-cp313-cp313t-macosx_14_0_arm64.whl", hash = "sha256:b0f1f11d0a1da54927436505a5a7670b154eac27f5672afc389661013dfe3d4f", size = 5225806, upload-time = "2025-06-07T14:47:27.524Z" },
    { url = "https://files.pythonhosted.org/packages/a6/43/e1fd1aca7c97e234dd05e66de4ab7a5be54548257efcdd1bc33637e72102/numpy-2.3.0-cp313-cp313t-macosx_14_0_x86_64.whl", hash = "sha256:690d0a5b60a47e1f9dcec7b77750a4854c0d690e9058b7bef3106e3ae9117808", size = 6735169, upload-time = "2025-06-07T14:47:38.057Z" },
    { url = "https://files.pythonhosted.org/packages/84/89/f76f93b06a03177c0faa7ca94d0856c4e5c4bcaf3c5f77640c9ed0303e1c/numpy-2.3.0-cp313-cp313t-manylinux_2_28_aarch64.whl", hash = "sha256:8b51ead2b258284458e570942137155978583e407babc22e3d0ed7af33ce06f8", size = 14330701, upload-time = "2025-06-07T14:47:59.113Z" },
    { url = "https://files.pythonhosted.org/packages/aa/f5/4858c3e9ff7a7d64561b20580cf7cc5d085794bd465a19604945d6501f6c/numpy-2.3.0-cp313-cp313t-manylinux_2_28_x86_64.whl", hash = "sha256:aaf81c7b82c73bd9b45e79cfb9476cb9c29e937494bfe9092c26aece812818ad", size = 16692983, upload-time = "2025-06-07T14:48:24.196Z" },
    { url = "https://files.pythonhosted.org/packages/08/17/0e3b4182e691a10e9483bcc62b4bb8693dbf9ea5dc9ba0b77a60435074bb/numpy-2.3.0-cp313-cp313t-musllinux_1_2_aarch64.whl", hash = "sha256:f420033a20b4f6a2a11f585f93c843ac40686a7c3fa514060a97d9de93e5e72b", size = 15641435, upload-time = "2025-06-07T14:48:47.712Z" },
    { url = "https://files.pythonhosted.org/packages/4e/d5/463279fda028d3c1efa74e7e8d507605ae87f33dbd0543cf4c4527c8b882/numpy-2.3.0-cp313-cp313t-musllinux_1_2_x86_64.whl", hash = "sha256:d344ca32ab482bcf8735d8f95091ad081f97120546f3d250240868430ce52555", size = 18433798, upload-time = "2025-06-07T14:49:14.866Z" },
    { url = "https://files.pythonhosted.org/packages/0e/1e/7a9d98c886d4c39a2b4d3a7c026bffcf8fbcaf518782132d12a301cfc47a/numpy-2.3.0-cp313-cp313t-win32.whl", hash = "sha256:48a2e8eaf76364c32a1feaa60d6925eaf32ed7a040183b807e02674305beef61", size = 6438632, upload-time = "2025-06-07T14:49:25.67Z" },
    { url = "https://files.pythonhosted.org/packages/fe/ab/66fc909931d5eb230107d016861824f335ae2c0533f422e654e5ff556784/numpy-2.3.0-cp313-cp313t-win_amd64.whl", hash = "sha256:ba17f93a94e503551f154de210e4d50c5e3ee20f7e7a1b5f6ce3f22d419b93bb", size = 12868491, upload-time = "2025-06-07T14:49:44.898Z" },
    { url = "https://files.pythonhosted.org/packages/ee/e8/2c8a1c9e34d6f6d600c83d5ce5b71646c32a13f34ca5c518cc060639841c/numpy-2.3.0-cp313-cp313t-win_arm64.whl", hash = "sha256:f14e016d9409680959691c109be98c436c6249eaf7f118b424679793607b5944", size = 9935345, upload-time = "2025-06-07T14:50:02.311Z" },
]

[[package]]
name = "packaging"
version = "25.0"
source = { registry = "https://pypi.org/simple" }
sdist = { url = "https://files.pythonhosted.org/packages/a1/d4/1fc4078c65507b51b96ca8f8c3ba19e6a61c8253c72794544580a7b6c24d/packaging-25.0.tar.gz", hash = "sha256:d443872c98d677bf60f6a1f2f8c1cb748e8fe762d2bf9d3148b5599295b0fc4f", size = 165727, upload-time = "2025-04-19T11:48:59.673Z" }
wheels = [
    { url = "https://files.pythonhosted.org/packages/20/12/38679034af332785aac8774540895e234f4d07f7545804097de4b666afd8/packaging-25.0-py3-none-any.whl", hash = "sha256:29572ef2b1f17581046b3a2227d5c611fb25ec70ca1ba8554b24b0e69331a484", size = 66469, upload-time = "2025-04-19T11:48:57.875Z" },
]

[[package]]
name = "pluggy"
version = "1.5.0"
source = { registry = "https://pypi.org/simple" }
sdist = { url = "https://files.pythonhosted.org/packages/96/2d/02d4312c973c6050a18b314a5ad0b3210edb65a906f868e31c111dede4a6/pluggy-1.5.0.tar.gz", hash = "sha256:2cffa88e94fdc978c4c574f15f9e59b7f4201d439195c3715ca9e2486f1d0cf1", size = 67955, upload-time = "2024-04-20T21:34:42.531Z" }
wheels = [
    { url = "https://files.pythonhosted.org/packages/88/5f/e351af9a41f866ac3f1fac4ca0613908d9a41741cfcf2228f4ad853b697d/pluggy-1.5.0-py3-none-any.whl", hash = "sha256:44e1ad92c8ca002de6377e165f3e0f1be63266ab4d554740532335b9d75ea669", size = 20556, upload-time = "2024-04-20T21:34:40.434Z" },
]

[[package]]
name = "polyshell"
version = "0.1.0"
source = { editable = "." }
dependencies = [
    { name = "rtree" },
    { name = "scipy" },
]

[package.dev-dependencies]
dev = [
    { name = "pytest" },
    { name = "shapely" },
]

[package.metadata]
requires-dist = [
    { name = "rtree", specifier = ">=1.4.0" },
    { name = "scipy", specifier = ">=1.15.3" },
]

[package.metadata.requires-dev]
dev = [
    { name = "pytest", specifier = ">=8.3.5" },
    { name = "shapely", specifier = ">=2.1.1" },
]

[[package]]
name = "pytest"
version = "8.3.5"
source = { registry = "https://pypi.org/simple" }
dependencies = [
    { name = "colorama", marker = "sys_platform == 'win32'" },
    { name = "iniconfig" },
    { name = "packaging" },
    { name = "pluggy" },
]
sdist = { url = "https://files.pythonhosted.org/packages/ae/3c/c9d525a414d506893f0cd8a8d0de7706446213181570cdbd766691164e40/pytest-8.3.5.tar.gz", hash = "sha256:f4efe70cc14e511565ac476b57c279e12a855b11f48f212af1080ef2263d3845", size = 1450891, upload-time = "2025-03-02T12:54:54.503Z" }
wheels = [
    { url = "https://files.pythonhosted.org/packages/30/3d/64ad57c803f1fa1e963a7946b6e0fea4a70df53c1a7fed304586539c2bac/pytest-8.3.5-py3-none-any.whl", hash = "sha256:c69214aa47deac29fad6c2a4f590b9c4a9fdb16a403176fe154b79c0b4d4d820", size = 343634, upload-time = "2025-03-02T12:54:52.069Z" },
]

[[package]]
name = "rtree"
version = "1.4.0"
source = { registry = "https://pypi.org/simple" }
sdist = { url = "https://files.pythonhosted.org/packages/18/b8/0091f020acafcb034daa5b062f0626f6a73c7e0d64826af23861390a9585/rtree-1.4.0.tar.gz", hash = "sha256:9d97c7c5dcf25f6c0599c76d9933368c6a8d7238f2c1d00e76f1a69369ca82a0", size = 50789, upload-time = "2025-03-05T23:31:45.962Z" }
wheels = [
    { url = "https://files.pythonhosted.org/packages/f6/4c/8d54d6dc5ff8ba8ced1fad9378f89f9dd60addcc4cf0e525ee0e67b1769f/rtree-1.4.0-py3-none-macosx_10_9_x86_64.whl", hash = "sha256:4d1bebc418101480aabf41767e772dd2155d3b27b1376cccbd93e4509485e091", size = 482755, upload-time = "2025-03-05T23:31:29.884Z" },
    { url = "https://files.pythonhosted.org/packages/20/29/045e700d2135e9a67896086c831fde80fd4105971b443d5727a4093fcbf1/rtree-1.4.0-py3-none-macosx_11_0_arm64.whl", hash = "sha256:997f8c38d5dffa3949ea8adb4c8b291ea5cd4ef5ee69455d642dd171baf9991d", size = 439796, upload-time = "2025-03-05T23:31:31.517Z" },
    { url = "https://files.pythonhosted.org/packages/3d/fc/c3bd8cd67b10a12a6b9e2d06796779128c3e6968922dbf29fcd53af68d81/rtree-1.4.0-py3-none-manylinux2014_aarch64.manylinux_2_17_aarch64.whl", hash = "sha256:0133d9c54ab3ffe874ba6d411dbe0254765c5e68d92da5b91362c370f16fd997", size = 497549, upload-time = "2025-03-05T23:31:33.722Z" },
    { url = "https://files.pythonhosted.org/packages/a0/dd/49dc9ab037d0cb288ed40f8b7f498f69d44243e4745e241c05d5e457ea8b/rtree-1.4.0-py3-none-manylinux2014_i686.manylinux_2_17_i686.whl", hash = "sha256:d3b7bf1fe6463139377995ebe22a01a7005d134707f43672a3c09305e12f5f43", size = 568787, upload-time = "2025-03-05T23:31:35.478Z" },
    { url = "https://files.pythonhosted.org/packages/fe/e7/57737dff73ce789bdadd916d48ac12e977d8578176e1e890b1b8d89b9dbf/rtree-1.4.0-py3-none-manylinux2014_x86_64.manylinux_2_17_x86_64.whl", hash = "sha256:27e4a6d617d63dcb82fcd4c2856134b8a3741bd1af3b1a0d98e886054f394da5", size = 541090, upload-time = "2025-03-05T23:31:37.712Z" },
    { url = "https://files.pythonhosted.org/packages/8e/8f/1f3f716c4e8388670cfd5d0a3578e2354a1e6a3403648e234e1540e3e3bd/rtree-1.4.0-py3-none-musllinux_1_2_aarch64.whl", hash = "sha256:5258e826064eab82439760201e9421ce6d4340789d6d080c1b49367ddd03f61f", size = 1454194, upload-time = "2025-03-05T23:31:39.851Z" },
    { url = "https://files.pythonhosted.org/packages/22/ec/b42052b10e63a1c5d5d61ce234332f689736053644ba1756f7a632ea7659/rtree-1.4.0-py3-none-musllinux_1_2_i686.whl", hash = "sha256:20d5b3f9cf8bbbcc9fec42ab837c603c5dd86103ef29134300c8da2495c1248b", size = 1692814, upload-time = "2025-03-05T23:31:41.617Z" },
    { url = "https://files.pythonhosted.org/packages/c5/5b/a9920e9a2dc43b066ff13b7fde2e7bffcca315cfa43ae6f4cc15970e39eb/rtree-1.4.0-py3-none-musllinux_1_2_x86_64.whl", hash = "sha256:a67bee1233370a4c72c0969a96d2a1df1ba404ddd9f146849c53ab420eab361b", size = 1554860, upload-time = "2025-03-05T23:31:43.091Z" },
    { url = "https://files.pythonhosted.org/packages/ce/c2/362f2cc36a7a57b47380061c23fc109c7222c1a544ffd24cda289ba19673/rtree-1.4.0-py3-none-win_amd64.whl", hash = "sha256:ba83efc7b7563905b1bfdfc14490c4bfb59e92e5e6156bdeb6ec5df5117252f4", size = 385221, upload-time = "2025-03-05T23:31:44.537Z" },
]

[[package]]
name = "scipy"
version = "1.15.3"
source = { registry = "https://pypi.org/simple" }
dependencies = [
    { name = "numpy" },
]
sdist = { url = "https://files.pythonhosted.org/packages/0f/37/6964b830433e654ec7485e45a00fc9a27cf868d622838f6b6d9c5ec0d532/scipy-1.15.3.tar.gz", hash = "sha256:eae3cf522bc7df64b42cad3925c876e1b0b6c35c1337c93e12c0f366f55b0eaf", size = 59419214, upload-time = "2025-05-08T16:13:05.955Z" }
wheels = [
    { url = "https://files.pythonhosted.org/packages/37/4b/683aa044c4162e10ed7a7ea30527f2cbd92e6999c10a8ed8edb253836e9c/scipy-1.15.3-cp312-cp312-macosx_10_13_x86_64.whl", hash = "sha256:6ac6310fdbfb7aa6612408bd2f07295bcbd3fda00d2d702178434751fe48e019", size = 38766735, upload-time = "2025-05-08T16:06:06.471Z" },
    { url = "https://files.pythonhosted.org/packages/7b/7e/f30be3d03de07f25dc0ec926d1681fed5c732d759ac8f51079708c79e680/scipy-1.15.3-cp312-cp312-macosx_12_0_arm64.whl", hash = "sha256:185cd3d6d05ca4b44a8f1595af87f9c372bb6acf9c808e99aa3e9aa03bd98cf6", size = 30173284, upload-time = "2025-05-08T16:06:11.686Z" },
    { url = "https://files.pythonhosted.org/packages/07/9c/0ddb0d0abdabe0d181c1793db51f02cd59e4901da6f9f7848e1f96759f0d/scipy-1.15.3-cp312-cp312-macosx_14_0_arm64.whl", hash = "sha256:05dc6abcd105e1a29f95eada46d4a3f251743cfd7d3ae8ddb4088047f24ea477", size = 22446958, upload-time = "2025-05-08T16:06:15.97Z" },
    { url = "https://files.pythonhosted.org/packages/af/43/0bce905a965f36c58ff80d8bea33f1f9351b05fad4beaad4eae34699b7a1/scipy-1.15.3-cp312-cp312-macosx_14_0_x86_64.whl", hash = "sha256:06efcba926324df1696931a57a176c80848ccd67ce6ad020c810736bfd58eb1c", size = 25242454, upload-time = "2025-05-08T16:06:20.394Z" },
    { url = "https://files.pythonhosted.org/packages/56/30/a6f08f84ee5b7b28b4c597aca4cbe545535c39fe911845a96414700b64ba/scipy-1.15.3-cp312-cp312-manylinux_2_17_aarch64.manylinux2014_aarch64.whl", hash = "sha256:c05045d8b9bfd807ee1b9f38761993297b10b245f012b11b13b91ba8945f7e45", size = 35210199, upload-time = "2025-05-08T16:06:26.159Z" },
    { url = "https://files.pythonhosted.org/packages/0b/1f/03f52c282437a168ee2c7c14a1a0d0781a9a4a8962d84ac05c06b4c5b555/scipy-1.15.3-cp312-cp312-manylinux_2_17_x86_64.manylinux2014_x86_64.whl", hash = "sha256:271e3713e645149ea5ea3e97b57fdab61ce61333f97cfae392c28ba786f9bb49", size = 37309455, upload-time = "2025-05-08T16:06:32.778Z" },
    { url = "https://files.pythonhosted.org/packages/89/b1/fbb53137f42c4bf630b1ffdfc2151a62d1d1b903b249f030d2b1c0280af8/scipy-1.15.3-cp312-cp312-musllinux_1_2_aarch64.whl", hash = "sha256:6cfd56fc1a8e53f6e89ba3a7a7251f7396412d655bca2aa5611c8ec9a6784a1e", size = 36885140, upload-time = "2025-05-08T16:06:39.249Z" },
    { url = "https://files.pythonhosted.org/packages/2e/2e/025e39e339f5090df1ff266d021892694dbb7e63568edcfe43f892fa381d/scipy-1.15.3-cp312-cp312-musllinux_1_2_x86_64.whl", hash = "sha256:0ff17c0bb1cb32952c09217d8d1eed9b53d1463e5f1dd6052c7857f83127d539", size = 39710549, upload-time = "2025-05-08T16:06:45.729Z" },
    { url = "https://files.pythonhosted.org/packages/e6/eb/3bf6ea8ab7f1503dca3a10df2e4b9c3f6b3316df07f6c0ded94b281c7101/scipy-1.15.3-cp312-cp312-win_amd64.whl", hash = "sha256:52092bc0472cfd17df49ff17e70624345efece4e1a12b23783a1ac59a1b728ed", size = 40966184, upload-time = "2025-05-08T16:06:52.623Z" },
    { url = "https://files.pythonhosted.org/packages/73/18/ec27848c9baae6e0d6573eda6e01a602e5649ee72c27c3a8aad673ebecfd/scipy-1.15.3-cp313-cp313-macosx_10_13_x86_64.whl", hash = "sha256:2c620736bcc334782e24d173c0fdbb7590a0a436d2fdf39310a8902505008759", size = 38728256, upload-time = "2025-05-08T16:06:58.696Z" },
    { url = "https://files.pythonhosted.org/packages/74/cd/1aef2184948728b4b6e21267d53b3339762c285a46a274ebb7863c9e4742/scipy-1.15.3-cp313-cp313-macosx_12_0_arm64.whl", hash = "sha256:7e11270a000969409d37ed399585ee530b9ef6aa99d50c019de4cb01e8e54e62", size = 30109540, upload-time = "2025-05-08T16:07:04.209Z" },
    { url = "https://files.pythonhosted.org/packages/5b/d8/59e452c0a255ec352bd0a833537a3bc1bfb679944c4938ab375b0a6b3a3e/scipy-1.15.3-cp313-cp313-macosx_14_0_arm64.whl", hash = "sha256:8c9ed3ba2c8a2ce098163a9bdb26f891746d02136995df25227a20e71c396ebb", size = 22383115, upload-time = "2025-05-08T16:07:08.998Z" },
    { url = "https://files.pythonhosted.org/packages/08/f5/456f56bbbfccf696263b47095291040655e3cbaf05d063bdc7c7517f32ac/scipy-1.15.3-cp313-cp313-macosx_14_0_x86_64.whl", hash = "sha256:0bdd905264c0c9cfa74a4772cdb2070171790381a5c4d312c973382fc6eaf730", size = 25163884, upload-time = "2025-05-08T16:07:14.091Z" },
    { url = "https://files.pythonhosted.org/packages/a2/66/a9618b6a435a0f0c0b8a6d0a2efb32d4ec5a85f023c2b79d39512040355b/scipy-1.15.3-cp313-cp313-manylinux_2_17_aarch64.manylinux2014_aarch64.whl", hash = "sha256:79167bba085c31f38603e11a267d862957cbb3ce018d8b38f79ac043bc92d825", size = 35174018, upload-time = "2025-05-08T16:07:19.427Z" },
    { url = "https://files.pythonhosted.org/packages/b5/09/c5b6734a50ad4882432b6bb7c02baf757f5b2f256041da5df242e2d7e6b6/scipy-1.15.3-cp313-cp313-manylinux_2_17_x86_64.manylinux2014_x86_64.whl", hash = "sha256:c9deabd6d547aee2c9a81dee6cc96c6d7e9a9b1953f74850c179f91fdc729cb7", size = 37269716, upload-time = "2025-05-08T16:07:25.712Z" },
    { url = "https://files.pythonhosted.org/packages/77/0a/eac00ff741f23bcabd352731ed9b8995a0a60ef57f5fd788d611d43d69a1/scipy-1.15.3-cp313-cp313-musllinux_1_2_aarch64.whl", hash = "sha256:dde4fc32993071ac0c7dd2d82569e544f0bdaff66269cb475e0f369adad13f11", size = 36872342, upload-time = "2025-05-08T16:07:31.468Z" },
    { url = "https://files.pythonhosted.org/packages/fe/54/4379be86dd74b6ad81551689107360d9a3e18f24d20767a2d5b9253a3f0a/scipy-1.15.3-cp313-cp313-musllinux_1_2_x86_64.whl", hash = "sha256:f77f853d584e72e874d87357ad70f44b437331507d1c311457bed8ed2b956126", size = 39670869, upload-time = "2025-05-08T16:07:38.002Z" },
    { url = "https://files.pythonhosted.org/packages/87/2e/892ad2862ba54f084ffe8cc4a22667eaf9c2bcec6d2bff1d15713c6c0703/scipy-1.15.3-cp313-cp313-win_amd64.whl", hash = "sha256:b90ab29d0c37ec9bf55424c064312930ca5f4bde15ee8619ee44e69319aab163", size = 40988851, upload-time = "2025-05-08T16:08:33.671Z" },
    { url = "https://files.pythonhosted.org/packages/1b/e9/7a879c137f7e55b30d75d90ce3eb468197646bc7b443ac036ae3fe109055/scipy-1.15.3-cp313-cp313t-macosx_10_13_x86_64.whl", hash = "sha256:3ac07623267feb3ae308487c260ac684b32ea35fd81e12845039952f558047b8", size = 38863011, upload-time = "2025-05-08T16:07:44.039Z" },
    { url = "https://files.pythonhosted.org/packages/51/d1/226a806bbd69f62ce5ef5f3ffadc35286e9fbc802f606a07eb83bf2359de/scipy-1.15.3-cp313-cp313t-macosx_12_0_arm64.whl", hash = "sha256:6487aa99c2a3d509a5227d9a5e889ff05830a06b2ce08ec30df6d79db5fcd5c5", size = 30266407, upload-time = "2025-05-08T16:07:49.891Z" },
    { url = "https://files.pythonhosted.org/packages/e5/9b/f32d1d6093ab9eeabbd839b0f7619c62e46cc4b7b6dbf05b6e615bbd4400/scipy-1.15.3-cp313-cp313t-macosx_14_0_arm64.whl", hash = "sha256:50f9e62461c95d933d5c5ef4a1f2ebf9a2b4e83b0db374cb3f1de104d935922e", size = 22540030, upload-time = "2025-05-08T16:07:54.121Z" },
    { url = "https://files.pythonhosted.org/packages/e7/29/c278f699b095c1a884f29fda126340fcc201461ee8bfea5c8bdb1c7c958b/scipy-1.15.3-cp313-cp313t-macosx_14_0_x86_64.whl", hash = "sha256:14ed70039d182f411ffc74789a16df3835e05dc469b898233a245cdfd7f162cb", size = 25218709, upload-time = "2025-05-08T16:07:58.506Z" },
    { url = "https://files.pythonhosted.org/packages/24/18/9e5374b617aba742a990581373cd6b68a2945d65cc588482749ef2e64467/scipy-1.15.3-cp313-cp313t-manylinux_2_17_aarch64.manylinux2014_aarch64.whl", hash = "sha256:0a769105537aa07a69468a0eefcd121be52006db61cdd8cac8a0e68980bbb723", size = 34809045, upload-time = "2025-05-08T16:08:03.929Z" },
    { url = "https://files.pythonhosted.org/packages/e1/fe/9c4361e7ba2927074360856db6135ef4904d505e9b3afbbcb073c4008328/scipy-1.15.3-cp313-cp313t-manylinux_2_17_x86_64.manylinux2014_x86_64.whl", hash = "sha256:9db984639887e3dffb3928d118145ffe40eff2fa40cb241a306ec57c219ebbbb", size = 36703062, upload-time = "2025-05-08T16:08:09.558Z" },
    { url = "https://files.pythonhosted.org/packages/b7/8e/038ccfe29d272b30086b25a4960f757f97122cb2ec42e62b460d02fe98e9/scipy-1.15.3-cp313-cp313t-musllinux_1_2_aarch64.whl", hash = "sha256:40e54d5c7e7ebf1aa596c374c49fa3135f04648a0caabcb66c52884b943f02b4", size = 36393132, upload-time = "2025-05-08T16:08:15.34Z" },
    { url = "https://files.pythonhosted.org/packages/10/7e/5c12285452970be5bdbe8352c619250b97ebf7917d7a9a9e96b8a8140f17/scipy-1.15.3-cp313-cp313t-musllinux_1_2_x86_64.whl", hash = "sha256:5e721fed53187e71d0ccf382b6bf977644c533e506c4d33c3fb24de89f5c3ed5", size = 38979503, upload-time = "2025-05-08T16:08:21.513Z" },
    { url = "https://files.pythonhosted.org/packages/81/06/0a5e5349474e1cbc5757975b21bd4fad0e72ebf138c5592f191646154e06/scipy-1.15.3-cp313-cp313t-win_amd64.whl", hash = "sha256:76ad1fb5f8752eabf0fa02e4cc0336b4e8f021e2d5f061ed37d6d264db35e3ca", size = 40308097, upload-time = "2025-05-08T16:08:27.627Z" },
]

[[package]]
name = "shapely"
version = "2.1.1"
source = { registry = "https://pypi.org/simple" }
dependencies = [
    { name = "numpy" },
]
sdist = { url = "https://files.pythonhosted.org/packages/ca/3c/2da625233f4e605155926566c0e7ea8dda361877f48e8b1655e53456f252/shapely-2.1.1.tar.gz", hash = "sha256:500621967f2ffe9642454808009044c21e5b35db89ce69f8a2042c2ffd0e2772", size = 315422, upload-time = "2025-05-19T11:04:41.265Z" }
wheels = [
    { url = "https://files.pythonhosted.org/packages/fb/64/9544dc07dfe80a2d489060791300827c941c451e2910f7364b19607ea352/shapely-2.1.1-cp312-cp312-macosx_10_13_x86_64.whl", hash = "sha256:2827365b58bf98efb60affc94a8e01c56dd1995a80aabe4b701465d86dcbba43", size = 1833021, upload-time = "2025-05-19T11:04:08.022Z" },
    { url = "https://files.pythonhosted.org/packages/07/aa/fb5f545e72e89b6a0f04a0effda144f5be956c9c312c7d4e00dfddbddbcf/shapely-2.1.1-cp312-cp312-macosx_11_0_arm64.whl", hash = "sha256:a9c551f7fa7f1e917af2347fe983f21f212863f1d04f08eece01e9c275903fad", size = 1643018, upload-time = "2025-05-19T11:04:09.343Z" },
    { url = "https://files.pythonhosted.org/packages/03/46/61e03edba81de729f09d880ce7ae5c1af873a0814206bbfb4402ab5c3388/shapely-2.1.1-cp312-cp312-manylinux_2_17_aarch64.manylinux2014_aarch64.whl", hash = "sha256:78dec4d4fbe7b1db8dc36de3031767e7ece5911fb7782bc9e95c5cdec58fb1e9", size = 2986417, upload-time = "2025-05-19T11:04:10.56Z" },
    { url = "https://files.pythonhosted.org/packages/1f/1e/83ec268ab8254a446b4178b45616ab5822d7b9d2b7eb6e27cf0b82f45601/shapely-2.1.1-cp312-cp312-manylinux_2_17_x86_64.manylinux2014_x86_64.whl", hash = "sha256:872d3c0a7b8b37da0e23d80496ec5973c4692920b90de9f502b5beb994bbaaef", size = 3098224, upload-time = "2025-05-19T11:04:11.903Z" },
    { url = "https://files.pythonhosted.org/packages/f1/44/0c21e7717c243e067c9ef8fa9126de24239f8345a5bba9280f7bb9935959/shapely-2.1.1-cp312-cp312-musllinux_1_2_aarch64.whl", hash = "sha256:2e2b9125ebfbc28ecf5353511de62f75a8515ae9470521c9a693e4bb9fbe0cf1", size = 3925982, upload-time = "2025-05-19T11:04:13.224Z" },
    { url = "https://files.pythonhosted.org/packages/15/50/d3b4e15fefc103a0eb13d83bad5f65cd6e07a5d8b2ae920e767932a247d1/shapely-2.1.1-cp312-cp312-musllinux_1_2_x86_64.whl", hash = "sha256:4b96cea171b3d7f6786976a0520f178c42792897653ecca0c5422fb1e6946e6d", size = 4089122, upload-time = "2025-05-19T11:04:14.477Z" },
    { url = "https://files.pythonhosted.org/packages/bd/05/9a68f27fc6110baeedeeebc14fd86e73fa38738c5b741302408fb6355577/shapely-2.1.1-cp312-cp312-win32.whl", hash = "sha256:39dca52201e02996df02e447f729da97cfb6ff41a03cb50f5547f19d02905af8", size = 1522437, upload-time = "2025-05-19T11:04:16.203Z" },
    { url = "https://files.pythonhosted.org/packages/bc/e9/a4560e12b9338842a1f82c9016d2543eaa084fce30a1ca11991143086b57/shapely-2.1.1-cp312-cp312-win_amd64.whl", hash = "sha256:13d643256f81d55a50013eff6321142781cf777eb6a9e207c2c9e6315ba6044a", size = 1703479, upload-time = "2025-05-19T11:04:18.497Z" },
    { url = "https://files.pythonhosted.org/packages/71/8e/2bc836437f4b84d62efc1faddce0d4e023a5d990bbddd3c78b2004ebc246/shapely-2.1.1-cp313-cp313-macosx_10_13_x86_64.whl", hash = "sha256:3004a644d9e89e26c20286d5fdc10f41b1744c48ce910bd1867fdff963fe6c48", size = 1832107, upload-time = "2025-05-19T11:04:19.736Z" },
    { url = "https://files.pythonhosted.org/packages/12/a2/12c7cae5b62d5d851c2db836eadd0986f63918a91976495861f7c492f4a9/shapely-2.1.1-cp313-cp313-macosx_11_0_arm64.whl", hash = "sha256:1415146fa12d80a47d13cfad5310b3c8b9c2aa8c14a0c845c9d3d75e77cb54f6", size = 1642355, upload-time = "2025-05-19T11:04:21.035Z" },
    { url = "https://files.pythonhosted.org/packages/5b/7e/6d28b43d53fea56de69c744e34c2b999ed4042f7a811dc1bceb876071c95/shapely-2.1.1-cp313-cp313-manylinux_2_17_aarch64.manylinux2014_aarch64.whl", hash = "sha256:21fcab88b7520820ec16d09d6bea68652ca13993c84dffc6129dc3607c95594c", size = 2968871, upload-time = "2025-05-19T11:04:22.167Z" },
    { url = "https://files.pythonhosted.org/packages/dd/87/1017c31e52370b2b79e4d29e07cbb590ab9e5e58cf7e2bdfe363765d6251/shapely-2.1.1-cp313-cp313-manylinux_2_17_x86_64.manylinux2014_x86_64.whl", hash = "sha256:e5ce6a5cc52c974b291237a96c08c5592e50f066871704fb5b12be2639d9026a", size = 3080830, upload-time = "2025-05-19T11:04:23.997Z" },
    { url = "https://files.pythonhosted.org/packages/1d/fe/f4a03d81abd96a6ce31c49cd8aaba970eaaa98e191bd1e4d43041e57ae5a/shapely-2.1.1-cp313-cp313-musllinux_1_2_aarch64.whl", hash = "sha256:04e4c12a45a1d70aeb266618d8cf81a2de9c4df511b63e105b90bfdfb52146de", size = 3908961, upload-time = "2025-05-19T11:04:25.702Z" },
    { url = "https://files.pythonhosted.org/packages/ef/59/7605289a95a6844056a2017ab36d9b0cb9d6a3c3b5317c1f968c193031c9/shapely-2.1.1-cp313-cp313-musllinux_1_2_x86_64.whl", hash = "sha256:6ca74d851ca5264aae16c2b47e96735579686cb69fa93c4078070a0ec845b8d8", size = 4079623, upload-time = "2025-05-19T11:04:27.171Z" },
    { url = "https://files.pythonhosted.org/packages/bc/4d/9fea036eff2ef4059d30247128b2d67aaa5f0b25e9fc27e1d15cc1b84704/shapely-2.1.1-cp313-cp313-win32.whl", hash = "sha256:fd9130501bf42ffb7e0695b9ea17a27ae8ce68d50b56b6941c7f9b3d3453bc52", size = 1521916, upload-time = "2025-05-19T11:04:28.405Z" },
    { url = "https://files.pythonhosted.org/packages/12/d9/6d13b8957a17c95794f0c4dfb65ecd0957e6c7131a56ce18d135c1107a52/shapely-2.1.1-cp313-cp313-win_amd64.whl", hash = "sha256:ab8d878687b438a2f4c138ed1a80941c6ab0029e0f4c785ecfe114413b498a97", size = 1702746, upload-time = "2025-05-19T11:04:29.643Z" },
    { url = "https://files.pythonhosted.org/packages/60/36/b1452e3e7f35f5f6454d96f3be6e2bb87082720ff6c9437ecc215fa79be0/shapely-2.1.1-cp313-cp313t-macosx_10_13_x86_64.whl", hash = "sha256:0c062384316a47f776305ed2fa22182717508ffdeb4a56d0ff4087a77b2a0f6d", size = 1833482, upload-time = "2025-05-19T11:04:30.852Z" },
    { url = "https://files.pythonhosted.org/packages/ce/ca/8e6f59be0718893eb3e478141285796a923636dc8f086f83e5b0ec0036d0/shapely-2.1.1-cp313-cp313t-macosx_11_0_arm64.whl", hash = "sha256:4ecf6c196b896e8f1360cc219ed4eee1c1e5f5883e505d449f263bd053fb8c05", size = 1642256, upload-time = "2025-05-19T11:04:32.068Z" },
    { url = "https://files.pythonhosted.org/packages/ab/78/0053aea449bb1d4503999525fec6232f049abcdc8df60d290416110de943/shapely-2.1.1-cp313-cp313t-manylinux_2_17_aarch64.manylinux2014_aarch64.whl", hash = "sha256:fb00070b4c4860f6743c600285109c273cca5241e970ad56bb87bef0be1ea3a0", size = 3016614, upload-time = "2025-05-19T11:04:33.7Z" },
    { url = "https://files.pythonhosted.org/packages/ee/53/36f1b1de1dfafd1b457dcbafa785b298ce1b8a3e7026b79619e708a245d5/shapely-2.1.1-cp313-cp313t-manylinux_2_17_x86_64.manylinux2014_x86_64.whl", hash = "sha256:d14a9afa5fa980fbe7bf63706fdfb8ff588f638f145a1d9dbc18374b5b7de913", size = 3093542, upload-time = "2025-05-19T11:04:34.952Z" },
    { url = "https://files.pythonhosted.org/packages/b9/bf/0619f37ceec6b924d84427c88835b61f27f43560239936ff88915c37da19/shapely-2.1.1-cp313-cp313t-musllinux_1_2_aarch64.whl", hash = "sha256:b640e390dabde790e3fb947198b466e63223e0a9ccd787da5f07bcb14756c28d", size = 3945961, upload-time = "2025-05-19T11:04:36.32Z" },
    { url = "https://files.pythonhosted.org/packages/93/c9/20ca4afeb572763b07a7997f00854cb9499df6af85929e93012b189d8917/shapely-2.1.1-cp313-cp313t-musllinux_1_2_x86_64.whl", hash = "sha256:69e08bf9697c1b73ec6aa70437db922bafcea7baca131c90c26d59491a9760f9", size = 4089514, upload-time = "2025-05-19T11:04:37.683Z" },
    { url = "https://files.pythonhosted.org/packages/33/6a/27036a5a560b80012a544366bceafd491e8abb94a8db14047b5346b5a749/shapely-2.1.1-cp313-cp313t-win32.whl", hash = "sha256:ef2d09d5a964cc90c2c18b03566cf918a61c248596998a0301d5b632beadb9db", size = 1540607, upload-time = "2025-05-19T11:04:38.925Z" },
    { url = "https://files.pythonhosted.org/packages/ea/f1/5e9b3ba5c7aa7ebfaf269657e728067d16a7c99401c7973ddf5f0cf121bd/shapely-2.1.1-cp313-cp313t-win_amd64.whl", hash = "sha256:8cb8f17c377260452e9d7720eeaf59082c5f8ea48cf104524d953e5d36d4bdb7", size = 1723061, upload-time = "2025-05-19T11:04:40.082Z" },
]
